// !$*UTF8*$!
{
	archiveVersion = 1;
	classes = {
	};
	objectVersion = 46;
	objects = {

/* Begin PBXBuildFile section */
		417CC38C1B645260006B21F3 /* AppDelegate.swift in Sources */ = {isa = PBXBuildFile; fileRef = 417CC38B1B645260006B21F3 /* AppDelegate.swift */; };
		417CC38E1B645260006B21F3 /* Assets.xcassets in Resources */ = {isa = PBXBuildFile; fileRef = 417CC38D1B645260006B21F3 /* Assets.xcassets */; };
		417CC3911B645260006B21F3 /* MainMenu.xib in Resources */ = {isa = PBXBuildFile; fileRef = 417CC38F1B645260006B21F3 /* MainMenu.xib */; };
/* End PBXBuildFile section */

/* Begin PBXFileReference section */
		417CC3881B645260006B21F3 /* Avara.app */ = {isa = PBXFileReference; explicitFileType = wrapper.application; includeInIndex = 0; path = Avara.app; sourceTree = BUILT_PRODUCTS_DIR; };
		417CC38B1B645260006B21F3 /* AppDelegate.swift */ = {isa = PBXFileReference; lastKnownFileType = sourcecode.swift; path = AppDelegate.swift; sourceTree = "<group>"; };
		417CC38D1B645260006B21F3 /* Assets.xcassets */ = {isa = PBXFileReference; lastKnownFileType = folder.assetcatalog; path = Assets.xcassets; sourceTree = "<group>"; };
		417CC3901B645260006B21F3 /* Base */ = {isa = PBXFileReference; lastKnownFileType = file.xib; name = Base; path = Base.lproj/MainMenu.xib; sourceTree = "<group>"; };
		417CC3921B645260006B21F3 /* Info.plist */ = {isa = PBXFileReference; lastKnownFileType = text.plist.xml; path = Info.plist; sourceTree = "<group>"; };
/* End PBXFileReference section */

/* Begin PBXFrameworksBuildPhase section */
		417CC3851B645260006B21F3 /* Frameworks */ = {
			isa = PBXFrameworksBuildPhase;
			buildActionMask = 2147483647;
			files = (
			);
			runOnlyForDeploymentPostprocessing = 0;
		};
/* End PBXFrameworksBuildPhase section */

/* Begin PBXGroup section */
		417CC37F1B645260006B21F3 = {
			isa = PBXGroup;
			children = (
				417CC38A1B645260006B21F3 /* Avara */,
				417CC3891B645260006B21F3 /* Products */,
			);
			sourceTree = "<group>";
		};
		417CC3891B645260006B21F3 /* Products */ = {
			isa = PBXGroup;
			children = (
				417CC3881B645260006B21F3 /* Avara.app */,
			);
			name = Products;
			sourceTree = "<group>";
		};
		417CC38A1B645260006B21F3 /* Avara */ = {
			isa = PBXGroup;
			children = (
				417CC38B1B645260006B21F3 /* AppDelegate.swift */,
				417CC38D1B645260006B21F3 /* Assets.xcassets */,
				417CC38F1B645260006B21F3 /* MainMenu.xib */,
				417CC3921B645260006B21F3 /* Info.plist */,
			);
			path = Avara;
			sourceTree = "<group>";
		};
/* End PBXGroup section */

/* Begin PBXNativeTarget section */
		417CC3871B645260006B21F3 /* Avara */ = {
			isa = PBXNativeTarget;
			buildConfigurationList = 417CC3951B645260006B21F3 /* Build configuration list for PBXNativeTarget "Avara" */;
			buildPhases = (
				417CC3841B645260006B21F3 /* Sources */,
				417CC3851B645260006B21F3 /* Frameworks */,
				417CC3861B645260006B21F3 /* Resources */,
			);
			buildRules = (
			);
			dependencies = (
			);
			name = Avara;
			productName = Avara;
			productReference = 417CC3881B645260006B21F3 /* Avara.app */;
			productType = "com.apple.product-type.application";
		};
/* End PBXNativeTarget section */

/* Begin PBXProject section */
		417CC3801B645260006B21F3 /* Project object */ = {
			isa = PBXProject;
			attributes = {
				LastUpgradeCheck = 0700;
				ORGANIZATIONNAME = goosesensor;
				TargetAttributes = {
					417CC3871B645260006B21F3 = {
						CreatedOnToolsVersion = 7.0;
					};
				};
			};
			buildConfigurationList = 417CC3831B645260006B21F3 /* Build configuration list for PBXProject "Avara" */;
			compatibilityVersion = "Xcode 3.2";
			developmentRegion = English;
			hasScannedForEncodings = 0;
			knownRegions = (
				en,
				Base,
			);
			mainGroup = 417CC37F1B645260006B21F3;
			productRefGroup = 417CC3891B645260006B21F3 /* Products */;
			projectDirPath = "";
			projectRoot = "";
			targets = (
				417CC3871B645260006B21F3 /* Avara */,
			);
		};
/* End PBXProject section */

/* Begin PBXResourcesBuildPhase section */
		417CC3861B645260006B21F3 /* Resources */ = {
			isa = PBXResourcesBuildPhase;
			buildActionMask = 2147483647;
			files = (
				417CC38E1B645260006B21F3 /* Assets.xcassets in Resources */,
				417CC3911B645260006B21F3 /* MainMenu.xib in Resources */,
			);
			runOnlyForDeploymentPostprocessing = 0;
		};
/* End PBXResourcesBuildPhase section */

/* Begin PBXSourcesBuildPhase section */
		417CC3841B645260006B21F3 /* Sources */ = {
			isa = PBXSourcesBuildPhase;
			buildActionMask = 2147483647;
			files = (
				417CC38C1B645260006B21F3 /* AppDelegate.swift in Sources */,
			);
			runOnlyForDeploymentPostprocessing = 0;
		};
/* End PBXSourcesBuildPhase section */

/* Begin PBXVariantGroup section */
		417CC38F1B645260006B21F3 /* MainMenu.xib */ = {
			isa = PBXVariantGroup;
			children = (
				417CC3901B645260006B21F3 /* Base */,
			);
			name = MainMenu.xib;
			sourceTree = "<group>";
		};
/* End PBXVariantGroup section */

/* Begin XCBuildConfiguration section */
		417CC3931B645260006B21F3 /* Debug */ = {
			isa = XCBuildConfiguration;
			buildSettings = {
				ALWAYS_SEARCH_USER_PATHS = NO;
				CLANG_CXX_LANGUAGE_STANDARD = "gnu++0x";
				CLANG_CXX_LIBRARY = "libc++";
				CLANG_ENABLE_MODULES = YES;
				CLANG_ENABLE_OBJC_ARC = YES;
				CLANG_WARN_BOOL_CONVERSION = YES;
				CLANG_WARN_CONSTANT_CONVERSION = YES;
				CLANG_WARN_DIRECT_OBJC_ISA_USAGE = YES_ERROR;
				CLANG_WARN_EMPTY_BODY = YES;
				CLANG_WARN_ENUM_CONVERSION = YES;
				CLANG_WARN_INT_CONVERSION = YES;
				CLANG_WARN_OBJC_ROOT_CLASS = YES_ERROR;
				CLANG_WARN_UNREACHABLE_CODE = YES;
				CLANG_WARN__DUPLICATE_METHOD_MATCH = YES;
				CODE_SIGN_IDENTITY = "-";
				COPY_PHASE_STRIP = NO;
				DEBUG_INFORMATION_FORMAT = dwarf;
				ENABLE_STRICT_OBJC_MSGSEND = YES;
				ENABLE_TESTABILITY = YES;
				GCC_C_LANGUAGE_STANDARD = gnu99;
				GCC_DYNAMIC_NO_PIC = NO;
				GCC_NO_COMMON_BLOCKS = YES;
				GCC_OPTIMIZATION_LEVEL = 0;
				GCC_PREPROCESSOR_DEFINITIONS = (
					"DEBUG=1",
					"$(inherited)",
				);
				GCC_WARN_64_TO_32_BIT_CONVERSION = YES;
				GCC_WARN_ABOUT_RETURN_TYPE = YES_ERROR;
				GCC_WARN_UNDECLARED_SELECTOR = YES;
				GCC_WARN_UNINITIALIZED_AUTOS = YES_AGGRESSIVE;
				GCC_WARN_UNUSED_FUNCTION = YES;
				GCC_WARN_UNUSED_VARIABLE = YES;
				MACOSX_DEPLOYMENT_TARGET = 10.11;
				MTL_ENABLE_DEBUG_INFO = YES;
				ONLY_ACTIVE_ARCH = YES;
				SDKROOT = macosx;
				SWIFT_OPTIMIZATION_LEVEL = "-Onone";
			};
			name = Debug;
		};
		417CC3941B645260006B21F3 /* Release */ = {
			isa = XCBuildConfiguration;
			buildSettings = {
				ALWAYS_SEARCH_USER_PATHS = NO;
				CLANG_CXX_LANGUAGE_STANDARD = "gnu++0x";
				CLANG_CXX_LIBRARY = "libc++";
				CLANG_ENABLE_MODULES = YES;
				CLANG_ENABLE_OBJC_ARC = YES;
				CLANG_WARN_BOOL_CONVERSION = YES;
				CLANG_WARN_CONSTANT_CONVERSION = YES;
				CLANG_WARN_DIRECT_OBJC_ISA_USAGE = YES_ERROR;
				CLANG_WARN_EMPTY_BODY = YES;
				CLANG_WARN_ENUM_CONVERSION = YES;
				CLANG_WARN_INT_CONVERSION = YES;
				CLANG_WARN_OBJC_ROOT_CLASS = YES_ERROR;
				CLANG_WARN_UNREACHABLE_CODE = YES;
				CLANG_WARN__DUPLICATE_METHOD_MATCH = YES;
				CODE_SIGN_IDENTITY = "-";
				COPY_PHASE_STRIP = NO;
				DEBUG_INFORMATION_FORMAT = "dwarf-with-dsym";
				ENABLE_NS_ASSERTIONS = NO;
				ENABLE_STRICT_OBJC_MSGSEND = YES;
				GCC_C_LANGUAGE_STANDARD = gnu99;
				GCC_NO_COMMON_BLOCKS = YES;
				GCC_WARN_64_TO_32_BIT_CONVERSION = YES;
				GCC_WARN_ABOUT_RETURN_TYPE = YES_ERROR;
				GCC_WARN_UNDECLARED_SELECTOR = YES;
				GCC_WARN_UNINITIALIZED_AUTOS = YES_AGGRESSIVE;
				GCC_WARN_UNUSED_FUNCTION = YES;
				GCC_WARN_UNUSED_VARIABLE = YES;
				MACOSX_DEPLOYMENT_TARGET = 10.11;
				MTL_ENABLE_DEBUG_INFO = NO;
				SDKROOT = macosx;
			};
			name = Release;
		};
		417CC3961B645260006B21F3 /* Debug */ = {
			isa = XCBuildConfiguration;
			buildSettings = {
				ASSETCATALOG_COMPILER_APPICON_NAME = AppIcon;
				COMBINE_HIDPI_IMAGES = YES;
				INFOPLIST_FILE = Avara/Info.plist;
				LD_RUNPATH_SEARCH_PATHS = "$(inherited) @executable_path/../Frameworks";
				PRODUCT_BUNDLE_IDENTIFIER = net.goosesensor.Avara;
				PRODUCT_NAME = "$(TARGET_NAME)";
			};
			name = Debug;
		};
		417CC3971B645260006B21F3 /* Release */ = {
			isa = XCBuildConfiguration;
			buildSettings = {
				ASSETCATALOG_COMPILER_APPICON_NAME = AppIcon;
				COMBINE_HIDPI_IMAGES = YES;
				INFOPLIST_FILE = Avara/Info.plist;
				LD_RUNPATH_SEARCH_PATHS = "$(inherited) @executable_path/../Frameworks";
				PRODUCT_BUNDLE_IDENTIFIER = net.goosesensor.Avara;
				PRODUCT_NAME = "$(TARGET_NAME)";
			};
			name = Release;
		};
/* End XCBuildConfiguration section */

/* Begin XCConfigurationList section */
		417CC3831B645260006B21F3 /* Build configuration list for PBXProject "Avara" */ = {
			isa = XCConfigurationList;
			buildConfigurations = (
				417CC3931B645260006B21F3 /* Debug */,
				417CC3941B645260006B21F3 /* Release */,
			);
			defaultConfigurationIsVisible = 0;
			defaultConfigurationName = Release;
		};
		417CC3951B645260006B21F3 /* Build configuration list for PBXNativeTarget "Avara" */ = {
			isa = XCConfigurationList;
			buildConfigurations = (
				417CC3961B645260006B21F3 /* Debug */,
				417CC3971B645260006B21F3 /* Release */,
			);
			defaultConfigurationIsVisible = 0;
		};
/* End XCConfigurationList section */
	};
	rootObject = 417CC3801B645260006B21F3 /* Project object */;
}
